PODS:
  - flutter_angle (0.3.8):
    - Flutter
    - FlutterAngle (~> 0.0.8)
    - FlutterMacOS
  - FlutterAngle (0.0.8)
  - FlutterMacOS (1.0.0)

DEPENDENCIES:
  - flutter_angle (from `Flutter/ephemeral/.symlinks/plugins/flutter_angle/darwin`)
  - FlutterMacOS (from `Flutter/ephemeral`)

SPEC REPOS:
  trunk:
    - FlutterAngle

EXTERNAL SOURCES:
  flutter_angle:
    :path: Flutter/ephemeral/.symlinks/plugins/flutter_angle/darwin
  FlutterMacOS:
    :path: Flutter/ephemeral

SPEC CHECKSUMS:
  flutter_angle: 7b1a2b3e733221bf2e0325e42fc3edf95b5d44c4
  FlutterAngle: c810891af800750361b1d0e7cc944f2338d5ae18
  FlutterMacOS: d0db08ddef1a9af05a5ec4b724367152bb0500b1

PODFILE CHECKSUM: 54d867c82ac51cbd61b565781b9fada492027009

COCOAPODS: 1.16.2
